gitlab.com/Star95/keepass-deltasync/client v1.9.0 h1:rN69q7FWatwANLgjDaCQqH3+T6HCGAs0zsA8UmoTKBw=
gitlab.com/Star95/keepass-deltasync/client v1.9.0/go.mod h1:ao4MFX/VQ0WMHhzR1h9PKkGSZ6KQBN9Ci8Wy915vJT8=
golang.org/x/crypto v0.52.0 h1:RMs7fP2rXdep0CftQlK8Uf+kibLm7qkCcradZWYz988=
golang.org/x/crypto v0.52.0/go.mod h1:1QgfPxDqh0T2M/elOJtp9RvuR95kVjir0e6/BvEmGbc=
golang.org/x/sys v0.45.0 h1:dO4czNzziLiiXplLQgBCEpCvXQ3dnkn0SdaZSYdQ+FY=
golang.org/x/sys v0.45.0/go.mod h1:4GL1E5IUh+htKOUEOaiffhrAeqysfVGipDYzABqnCmw=
